
Microsoft Visual Studio Solution File, Format Version 12.00
# Visual Studio Version 17
VisualStudioVersion = 17.9.34607.119
MinimumVisualStudioVersion = 10.0.40219.1
Project("{8BC9CEB8-8B4A-11D0-8D11-00A0C91BC942}") = "hard1", "hard1\hard1.vcxproj", "{EEFF700C-63A5-40C9-96FC-17A238BE50DB}"
EndProject
Global
	GlobalSection(SolutionConfigurationPlatforms) = preSolution
		Debug|x64 = Debug|x64
		Debug|x86 = Debug|x86
		Release|x64 = Release|x64
		Release|x86 = Release|x86
	EndGlobalSection
	GlobalSection(ProjectConfigurationPlatforms) = postSolution
		{EEFF700C-63A5-40C9-96FC-17A238BE50DB}.Debug|x64.ActiveCfg = Debug|x64
		{EEFF700C-63A5-40C9-96FC-17A238BE50DB}.Debug|x64.Build.0 = Debug|x64
		{EEFF700C-63A5-40C9-96FC-17A238BE50DB}.Debug|x86.ActiveCfg = Debug|Win32
		{EEFF700C-63A5-40C9-96FC-17A238BE50DB}.Debug|x86.Build.0 = Debug|Win32
		{EEFF700C-63A5-40C9-96FC-17A238BE50DB}.Release|x64.ActiveCfg = Release|x64
		{EEFF700C-63A5-40C9-96FC-17A238BE50DB}.Release|x64.Build.0 = Release|x64
		{EEFF700C-63A5-40C9-96FC-17A238BE50DB}.Release|x86.ActiveCfg = Release|Win32
		{EEFF700C-63A5-40C9-96FC-17A238BE50DB}.Release|x86.Build.0 = Release|Win32
	EndGlobalSection
	GlobalSection(SolutionProperties) = preSolution
		HideSolutionNode = FALSE
	EndGlobalSection
	GlobalSection(ExtensibilityGlobals) = postSolution
		SolutionGuid = {2894A97A-E303-4395-BABA-7E640EF592F4}
	EndGlobalSection
EndGlobal
